
Microsoft Visual Studio Solution File, Format Version 12.00
Project("{2150E333-8FDC-42A3-9474-1A3956D46DE8}") = "src", "src", "{05992330-7AD7-42D0-8375-DACF8F23A17D}"
EndProject
Project("{2150E333-8FDC-42A3-9474-1A3956D46DE8}") = "corePackages", "corePackages", "{30C07827-5610-4DE8-8BF7-2EDF56EDACF8}"
EndProject
Project("{2150E333-8FDC-42A3-9474-1A3956D46DE8}") = "studyCloud", "studyCloud", "{B3DA423B-01E3-44F4-B302-6E68A74732A6}"
EndProject
Project("{FAE04EC0-301F-11D3-BF4B-00C04F79EFBC}") = "Core.Application", "src\corePackages\Core.Application\Core.Application.csproj", "{316E063A-C3A6-4902-9578-EF60D0A297AF}"
EndProject
Project("{FAE04EC0-301F-11D3-BF4B-00C04F79EFBC}") = "Core.CrossCuttingConcerns", "src\corePackages\Core.CrossCuttingConcers\Core.CrossCuttingConcerns.csproj", "{28ECAF37-DD75-4361-8141-5FB358A5B604}"
EndProject
Project("{FAE04EC0-301F-11D3-BF4B-00C04F79EFBC}") = "Core.ElasticSearch", "src\corePackages\Core.ElasticSearch\Core.ElasticSearch.csproj", "{FFEC5F2E-BE65-4D3C-9714-D2F50693291C}"
EndProject
Project("{FAE04EC0-301F-11D3-BF4B-00C04F79EFBC}") = "Core.Mailing", "src\corePackages\Core.Mailing\Core.Mailing.csproj", "{E337B4A0-2A54-4997-AE15-AEF2D01EB235}"
EndProject
Project("{FAE04EC0-301F-11D3-BF4B-00C04F79EFBC}") = "Core.Persistence", "src\corePackages\Core.Persistence\Core.Persistence.csproj", "{43438233-D4CD-4189-A20A-3DE574E4E65F}"
EndProject
Project("{FAE04EC0-301F-11D3-BF4B-00C04F79EFBC}") = "Core.Security", "src\corePackages\Core.Security\Core.Security.csproj", "{13029F65-1E36-480F-B567-E1B466386528}"
EndProject
Project("{FAE04EC0-301F-11D3-BF4B-00C04F79EFBC}") = "Application", "src\studyCloud\Application\Application.csproj", "{176F4B16-5E44-4358-9B3E-5913A29CC566}"
EndProject
Project("{FAE04EC0-301F-11D3-BF4B-00C04F79EFBC}") = "Domain", "src\studyCloud\Domain\Domain.csproj", "{BE9B85FF-92B6-41ED-A83E-27787D8121E1}"
EndProject
Project("{FAE04EC0-301F-11D3-BF4B-00C04F79EFBC}") = "Infrastructure", "src\studyCloud\Infrastructure\Infrastructure.csproj", "{265DB894-AAB6-4F1E-AC67-C854965A2187}"
EndProject
Project("{FAE04EC0-301F-11D3-BF4B-00C04F79EFBC}") = "Persistence", "src\studyCloud\Persistence\Persistence.csproj", "{AC900911-EA7D-411E-BEC0-F1840C9E1573}"
EndProject
Project("{FAE04EC0-301F-11D3-BF4B-00C04F79EFBC}") = "WebAPI", "src\studyCloud\WebAPI\WebAPI.csproj", "{6BD74151-BD48-480A-A1EF-771FE678D06D}"
EndProject
Global
	GlobalSection(SolutionConfigurationPlatforms) = preSolution
		Debug|Any CPU = Debug|Any CPU
		Release|Any CPU = Release|Any CPU
	EndGlobalSection
	GlobalSection(NestedProjects) = preSolution
		{30C07827-5610-4DE8-8BF7-2EDF56EDACF8} = {05992330-7AD7-42D0-8375-DACF8F23A17D}
		{B3DA423B-01E3-44F4-B302-6E68A74732A6} = {05992330-7AD7-42D0-8375-DACF8F23A17D}
		{316E063A-C3A6-4902-9578-EF60D0A297AF} = {30C07827-5610-4DE8-8BF7-2EDF56EDACF8}
		{28ECAF37-DD75-4361-8141-5FB358A5B604} = {30C07827-5610-4DE8-8BF7-2EDF56EDACF8}
		{FFEC5F2E-BE65-4D3C-9714-D2F50693291C} = {30C07827-5610-4DE8-8BF7-2EDF56EDACF8}
		{E337B4A0-2A54-4997-AE15-AEF2D01EB235} = {30C07827-5610-4DE8-8BF7-2EDF56EDACF8}
		{43438233-D4CD-4189-A20A-3DE574E4E65F} = {30C07827-5610-4DE8-8BF7-2EDF56EDACF8}
		{13029F65-1E36-480F-B567-E1B466386528} = {30C07827-5610-4DE8-8BF7-2EDF56EDACF8}
		{176F4B16-5E44-4358-9B3E-5913A29CC566} = {B3DA423B-01E3-44F4-B302-6E68A74732A6}
		{BE9B85FF-92B6-41ED-A83E-27787D8121E1} = {B3DA423B-01E3-44F4-B302-6E68A74732A6}
		{265DB894-AAB6-4F1E-AC67-C854965A2187} = {B3DA423B-01E3-44F4-B302-6E68A74732A6}
		{AC900911-EA7D-411E-BEC0-F1840C9E1573} = {B3DA423B-01E3-44F4-B302-6E68A74732A6}
		{6BD74151-BD48-480A-A1EF-771FE678D06D} = {B3DA423B-01E3-44F4-B302-6E68A74732A6}
	EndGlobalSection
	GlobalSection(ProjectConfigurationPlatforms) = postSolution
		{316E063A-C3A6-4902-9578-EF60D0A297AF}.Debug|Any CPU.ActiveCfg = Debug|Any CPU
		{316E063A-C3A6-4902-9578-EF60D0A297AF}.Debug|Any CPU.Build.0 = Debug|Any CPU
		{316E063A-C3A6-4902-9578-EF60D0A297AF}.Release|Any CPU.ActiveCfg = Release|Any CPU
		{316E063A-C3A6-4902-9578-EF60D0A297AF}.Release|Any CPU.Build.0 = Release|Any CPU
		{28ECAF37-DD75-4361-8141-5FB358A5B604}.Debug|Any CPU.ActiveCfg = Debug|Any CPU
		{28ECAF37-DD75-4361-8141-5FB358A5B604}.Debug|Any CPU.Build.0 = Debug|Any CPU
		{28ECAF37-DD75-4361-8141-5FB358A5B604}.Release|Any CPU.ActiveCfg = Release|Any CPU
		{28ECAF37-DD75-4361-8141-5FB358A5B604}.Release|Any CPU.Build.0 = Release|Any CPU
		{FFEC5F2E-BE65-4D3C-9714-D2F50693291C}.Debug|Any CPU.ActiveCfg = Debug|Any CPU
		{FFEC5F2E-BE65-4D3C-9714-D2F50693291C}.Debug|Any CPU.Build.0 = Debug|Any CPU
		{FFEC5F2E-BE65-4D3C-9714-D2F50693291C}.Release|Any CPU.ActiveCfg = Release|Any CPU
		{FFEC5F2E-BE65-4D3C-9714-D2F50693291C}.Release|Any CPU.Build.0 = Release|Any CPU
		{E337B4A0-2A54-4997-AE15-AEF2D01EB235}.Debug|Any CPU.ActiveCfg = Debug|Any CPU
		{E337B4A0-2A54-4997-AE15-AEF2D01EB235}.Debug|Any CPU.Build.0 = Debug|Any CPU
		{E337B4A0-2A54-4997-AE15-AEF2D01EB235}.Release|Any CPU.ActiveCfg = Release|Any CPU
		{E337B4A0-2A54-4997-AE15-AEF2D01EB235}.Release|Any CPU.Build.0 = Release|Any CPU
		{43438233-D4CD-4189-A20A-3DE574E4E65F}.Debug|Any CPU.ActiveCfg = Debug|Any CPU
		{43438233-D4CD-4189-A20A-3DE574E4E65F}.Debug|Any CPU.Build.0 = Debug|Any CPU
		{43438233-D4CD-4189-A20A-3DE574E4E65F}.Release|Any CPU.ActiveCfg = Release|Any CPU
		{43438233-D4CD-4189-A20A-3DE574E4E65F}.Release|Any CPU.Build.0 = Release|Any CPU
		{13029F65-1E36-480F-B567-E1B466386528}.Debug|Any CPU.ActiveCfg = Debug|Any CPU
		{13029F65-1E36-480F-B567-E1B466386528}.Debug|Any CPU.Build.0 = Debug|Any CPU
		{13029F65-1E36-480F-B567-E1B466386528}.Release|Any CPU.ActiveCfg = Release|Any CPU
		{13029F65-1E36-480F-B567-E1B466386528}.Release|Any CPU.Build.0 = Release|Any CPU
		{176F4B16-5E44-4358-9B3E-5913A29CC566}.Debug|Any CPU.ActiveCfg = Debug|Any CPU
		{176F4B16-5E44-4358-9B3E-5913A29CC566}.Debug|Any CPU.Build.0 = Debug|Any CPU
		{176F4B16-5E44-4358-9B3E-5913A29CC566}.Release|Any CPU.ActiveCfg = Release|Any CPU
		{176F4B16-5E44-4358-9B3E-5913A29CC566}.Release|Any CPU.Build.0 = Release|Any CPU
		{BE9B85FF-92B6-41ED-A83E-27787D8121E1}.Debug|Any CPU.ActiveCfg = Debug|Any CPU
		{BE9B85FF-92B6-41ED-A83E-27787D8121E1}.Debug|Any CPU.Build.0 = Debug|Any CPU
		{BE9B85FF-92B6-41ED-A83E-27787D8121E1}.Release|Any CPU.ActiveCfg = Release|Any CPU
		{BE9B85FF-92B6-41ED-A83E-27787D8121E1}.Release|Any CPU.Build.0 = Release|Any CPU
		{265DB894-AAB6-4F1E-AC67-C854965A2187}.Debug|Any CPU.ActiveCfg = Debug|Any CPU
		{265DB894-AAB6-4F1E-AC67-C854965A2187}.Debug|Any CPU.Build.0 = Debug|Any CPU
		{265DB894-AAB6-4F1E-AC67-C854965A2187}.Release|Any CPU.ActiveCfg = Release|Any CPU
		{265DB894-AAB6-4F1E-AC67-C854965A2187}.Release|Any CPU.Build.0 = Release|Any CPU
		{AC900911-EA7D-411E-BEC0-F1840C9E1573}.Debug|Any CPU.ActiveCfg = Debug|Any CPU
		{AC900911-EA7D-411E-BEC0-F1840C9E1573}.Debug|Any CPU.Build.0 = Debug|Any CPU
		{AC900911-EA7D-411E-BEC0-F1840C9E1573}.Release|Any CPU.ActiveCfg = Release|Any CPU
		{AC900911-EA7D-411E-BEC0-F1840C9E1573}.Release|Any CPU.Build.0 = Release|Any CPU
		{6BD74151-BD48-480A-A1EF-771FE678D06D}.Debug|Any CPU.ActiveCfg = Debug|Any CPU
		{6BD74151-BD48-480A-A1EF-771FE678D06D}.Debug|Any CPU.Build.0 = Debug|Any CPU
		{6BD74151-BD48-480A-A1EF-771FE678D06D}.Release|Any CPU.ActiveCfg = Release|Any CPU
		{6BD74151-BD48-480A-A1EF-771FE678D06D}.Release|Any CPU.Build.0 = Release|Any CPU
	EndGlobalSection
EndGlobal
