
Microsoft Visual Studio Solution File, Format Version 12.00
Project("{2150E333-8FDC-42A3-9474-1A3956D46DE8}") = "src", "src", "{05992330-7AD7-42D0-8375-DACF8F23A17D}"
EndProject
Project("{2150E333-8FDC-42A3-9474-1A3956D46DE8}") = "studyIo", "studyIo", "{B3DA423B-01E3-44F4-B302-6E68A74732A6}"
EndProject
Project("{FAE04EC0-301F-11D3-BF4B-00C04F79EFBC}") = "Application", "src\studyCloud\Application\Application.csproj", "{176F4B16-5E44-4358-9B3E-5913A29CC566}"
EndProject
Project("{FAE04EC0-301F-11D3-BF4B-00C04F79EFBC}") = "Domain", "src\studyCloud\Domain\Domain.csproj", "{BE9B85FF-92B6-41ED-A83E-27787D8121E1}"
EndProject
Project("{FAE04EC0-301F-11D3-BF4B-00C04F79EFBC}") = "Infrastructure", "src\studyCloud\Infrastructure\Infrastructure.csproj", "{265DB894-AAB6-4F1E-AC67-C854965A2187}"
EndProject
Project("{FAE04EC0-301F-11D3-BF4B-00C04F79EFBC}") = "Persistence", "src\studyCloud\Persistence\Persistence.csproj", "{AC900911-EA7D-411E-BEC0-F1840C9E1573}"
EndProject
Project("{FAE04EC0-301F-11D3-BF4B-00C04F79EFBC}") = "WebAPI", "src\studyCloud\WebAPI\WebAPI.csproj", "{6BD74151-BD48-480A-A1EF-771FE678D06D}"
EndProject
Project("{FAE04EC0-301F-11D3-BF4B-00C04F79EFBC}") = "RabbitMQ.EmailSender", "src\studyCloud\RabbitMQ.EmailSender\RabbitMQ.EmailSender.csproj", "{2205DBC1-0348-4E10-BA34-F8D301B54A44}"
EndProject
Global
	GlobalSection(SolutionConfigurationPlatforms) = preSolution
		Debug|Any CPU = Debug|Any CPU
		Release|Any CPU = Release|Any CPU
	EndGlobalSection
	GlobalSection(NestedProjects) = preSolution
		{B3DA423B-01E3-44F4-B302-6E68A74732A6} = {05992330-7AD7-42D0-8375-DACF8F23A17D}
		{176F4B16-5E44-4358-9B3E-5913A29CC566} = {B3DA423B-01E3-44F4-B302-6E68A74732A6}
		{BE9B85FF-92B6-41ED-A83E-27787D8121E1} = {B3DA423B-01E3-44F4-B302-6E68A74732A6}
		{265DB894-AAB6-4F1E-AC67-C854965A2187} = {B3DA423B-01E3-44F4-B302-6E68A74732A6}
		{AC900911-EA7D-411E-BEC0-F1840C9E1573} = {B3DA423B-01E3-44F4-B302-6E68A74732A6}
		{6BD74151-BD48-480A-A1EF-771FE678D06D} = {B3DA423B-01E3-44F4-B302-6E68A74732A6}
		{2205DBC1-0348-4E10-BA34-F8D301B54A44} = {B3DA423B-01E3-44F4-B302-6E68A74732A6}
	EndGlobalSection
	GlobalSection(ProjectConfigurationPlatforms) = postSolution
		{176F4B16-5E44-4358-9B3E-5913A29CC566}.Debug|Any CPU.ActiveCfg = Debug|Any CPU
		{176F4B16-5E44-4358-9B3E-5913A29CC566}.Debug|Any CPU.Build.0 = Debug|Any CPU
		{176F4B16-5E44-4358-9B3E-5913A29CC566}.Release|Any CPU.ActiveCfg = Release|Any CPU
		{176F4B16-5E44-4358-9B3E-5913A29CC566}.Release|Any CPU.Build.0 = Release|Any CPU
		{BE9B85FF-92B6-41ED-A83E-27787D8121E1}.Debug|Any CPU.ActiveCfg = Debug|Any CPU
		{BE9B85FF-92B6-41ED-A83E-27787D8121E1}.Debug|Any CPU.Build.0 = Debug|Any CPU
		{BE9B85FF-92B6-41ED-A83E-27787D8121E1}.Release|Any CPU.ActiveCfg = Release|Any CPU
		{BE9B85FF-92B6-41ED-A83E-27787D8121E1}.Release|Any CPU.Build.0 = Release|Any CPU
		{265DB894-AAB6-4F1E-AC67-C854965A2187}.Debug|Any CPU.ActiveCfg = Debug|Any CPU
		{265DB894-AAB6-4F1E-AC67-C854965A2187}.Debug|Any CPU.Build.0 = Debug|Any CPU
		{265DB894-AAB6-4F1E-AC67-C854965A2187}.Release|Any CPU.ActiveCfg = Release|Any CPU
		{265DB894-AAB6-4F1E-AC67-C854965A2187}.Release|Any CPU.Build.0 = Release|Any CPU
		{AC900911-EA7D-411E-BEC0-F1840C9E1573}.Debug|Any CPU.ActiveCfg = Debug|Any CPU
		{AC900911-EA7D-411E-BEC0-F1840C9E1573}.Debug|Any CPU.Build.0 = Debug|Any CPU
		{AC900911-EA7D-411E-BEC0-F1840C9E1573}.Release|Any CPU.ActiveCfg = Release|Any CPU
		{AC900911-EA7D-411E-BEC0-F1840C9E1573}.Release|Any CPU.Build.0 = Release|Any CPU
		{6BD74151-BD48-480A-A1EF-771FE678D06D}.Debug|Any CPU.ActiveCfg = Debug|Any CPU
		{6BD74151-BD48-480A-A1EF-771FE678D06D}.Debug|Any CPU.Build.0 = Debug|Any CPU
		{6BD74151-BD48-480A-A1EF-771FE678D06D}.Release|Any CPU.ActiveCfg = Release|Any CPU
		{6BD74151-BD48-480A-A1EF-771FE678D06D}.Release|Any CPU.Build.0 = Release|Any CPU
		{2205DBC1-0348-4E10-BA34-F8D301B54A44}.Debug|Any CPU.ActiveCfg = Debug|Any CPU
		{2205DBC1-0348-4E10-BA34-F8D301B54A44}.Debug|Any CPU.Build.0 = Debug|Any CPU
		{2205DBC1-0348-4E10-BA34-F8D301B54A44}.Release|Any CPU.ActiveCfg = Release|Any CPU
		{2205DBC1-0348-4E10-BA34-F8D301B54A44}.Release|Any CPU.Build.0 = Release|Any CPU
	EndGlobalSection
EndGlobal
